
Microsoft Visual Studio Solution File, Format Version 12.00
# Visual Studio Version 16
VisualStudioVersion = 16.0.29509.3
MinimumVisualStudioVersion = 10.0.40219.1
Project("{9A19103F-16F7-4668-BE54-9A1E7A4F7556}") = "Gta", "Gta\Gta.csproj", "{EC741AC4-346B-464B-8778-75AA40A189E2}"
EndProject
Project("{2150E333-8FDC-42A3-9474-1A3956D46DE8}") = "1-Web", "1-Web", "{93B7C912-7B65-46EB-ACC7-557671E0C4B9}"
EndProject
Project("{2150E333-8FDC-42A3-9474-1A3956D46DE8}") = "2-Application", "2-Application", "{620EFFDE-FF3D-416D-9D25-ABDF58009906}"
EndProject
Project("{2150E333-8FDC-42A3-9474-1A3956D46DE8}") = "3-Domain", "3-Domain", "{DA0C3CB1-28C1-4D33-BDBC-7722610CA8E7}"
EndProject
Project("{2150E333-8FDC-42A3-9474-1A3956D46DE8}") = "4-Infra", "4-Infra", "{40306DD5-4F96-420B-815A-E776E81C4563}"
EndProject
Project("{9A19103F-16F7-4668-BE54-9A1E7A4F7556}") = "Gta.Application", "Gta.Application\Gta.Application.csproj", "{C827AB8E-2B29-4FC6-AE07-B2B7453ED454}"
EndProject
Project("{9A19103F-16F7-4668-BE54-9A1E7A4F7556}") = "Gta.Domain", "Gta.Domain\Gta.Domain.csproj", "{FA19783D-C646-4661-B617-3B0580927BB0}"
EndProject
Project("{2150E333-8FDC-42A3-9474-1A3956D46DE8}") = "4.1-Data", "4.1-Data", "{2D113A63-30DF-48B8-884E-41AC26788373}"
EndProject
Project("{2150E333-8FDC-42A3-9474-1A3956D46DE8}") = "4.2-CrossCutting", "4.2-CrossCutting", "{3939FF12-D052-4783-87BB-B2D7667519B6}"
EndProject
Project("{9A19103F-16F7-4668-BE54-9A1E7A4F7556}") = "Gta.Data", "Gta.Data\Gta.Data.csproj", "{9FD38FF4-F408-4609-AC6D-D678CFCEDACE}"
EndProject
Project("{FAE04EC0-301F-11D3-BF4B-00C04F79EFBC}") = "Gta.IoC", "Gta.IoC\Gta.IoC.csproj", "{395C266C-B3CD-47AC-9DCD-01EA728BE681}"
EndProject
Global
	GlobalSection(SolutionConfigurationPlatforms) = preSolution
		Debug|Any CPU = Debug|Any CPU
		Release|Any CPU = Release|Any CPU
	EndGlobalSection
	GlobalSection(ProjectConfigurationPlatforms) = postSolution
		{EC741AC4-346B-464B-8778-75AA40A189E2}.Debug|Any CPU.ActiveCfg = Debug|Any CPU
		{EC741AC4-346B-464B-8778-75AA40A189E2}.Debug|Any CPU.Build.0 = Debug|Any CPU
		{EC741AC4-346B-464B-8778-75AA40A189E2}.Release|Any CPU.ActiveCfg = Release|Any CPU
		{EC741AC4-346B-464B-8778-75AA40A189E2}.Release|Any CPU.Build.0 = Release|Any CPU
		{C827AB8E-2B29-4FC6-AE07-B2B7453ED454}.Debug|Any CPU.ActiveCfg = Debug|Any CPU
		{C827AB8E-2B29-4FC6-AE07-B2B7453ED454}.Debug|Any CPU.Build.0 = Debug|Any CPU
		{C827AB8E-2B29-4FC6-AE07-B2B7453ED454}.Release|Any CPU.ActiveCfg = Release|Any CPU
		{C827AB8E-2B29-4FC6-AE07-B2B7453ED454}.Release|Any CPU.Build.0 = Release|Any CPU
		{FA19783D-C646-4661-B617-3B0580927BB0}.Debug|Any CPU.ActiveCfg = Debug|Any CPU
		{FA19783D-C646-4661-B617-3B0580927BB0}.Debug|Any CPU.Build.0 = Debug|Any CPU
		{FA19783D-C646-4661-B617-3B0580927BB0}.Release|Any CPU.ActiveCfg = Release|Any CPU
		{FA19783D-C646-4661-B617-3B0580927BB0}.Release|Any CPU.Build.0 = Release|Any CPU
		{9FD38FF4-F408-4609-AC6D-D678CFCEDACE}.Debug|Any CPU.ActiveCfg = Debug|Any CPU
		{9FD38FF4-F408-4609-AC6D-D678CFCEDACE}.Debug|Any CPU.Build.0 = Debug|Any CPU
		{9FD38FF4-F408-4609-AC6D-D678CFCEDACE}.Release|Any CPU.ActiveCfg = Release|Any CPU
		{9FD38FF4-F408-4609-AC6D-D678CFCEDACE}.Release|Any CPU.Build.0 = Release|Any CPU
		{395C266C-B3CD-47AC-9DCD-01EA728BE681}.Debug|Any CPU.ActiveCfg = Debug|Any CPU
		{395C266C-B3CD-47AC-9DCD-01EA728BE681}.Debug|Any CPU.Build.0 = Debug|Any CPU
		{395C266C-B3CD-47AC-9DCD-01EA728BE681}.Release|Any CPU.ActiveCfg = Release|Any CPU
		{395C266C-B3CD-47AC-9DCD-01EA728BE681}.Release|Any CPU.Build.0 = Release|Any CPU
	EndGlobalSection
	GlobalSection(SolutionProperties) = preSolution
		HideSolutionNode = FALSE
	EndGlobalSection
	GlobalSection(NestedProjects) = preSolution
		{EC741AC4-346B-464B-8778-75AA40A189E2} = {93B7C912-7B65-46EB-ACC7-557671E0C4B9}
		{C827AB8E-2B29-4FC6-AE07-B2B7453ED454} = {620EFFDE-FF3D-416D-9D25-ABDF58009906}
		{FA19783D-C646-4661-B617-3B0580927BB0} = {DA0C3CB1-28C1-4D33-BDBC-7722610CA8E7}
		{2D113A63-30DF-48B8-884E-41AC26788373} = {40306DD5-4F96-420B-815A-E776E81C4563}
		{3939FF12-D052-4783-87BB-B2D7667519B6} = {40306DD5-4F96-420B-815A-E776E81C4563}
		{9FD38FF4-F408-4609-AC6D-D678CFCEDACE} = {2D113A63-30DF-48B8-884E-41AC26788373}
		{395C266C-B3CD-47AC-9DCD-01EA728BE681} = {3939FF12-D052-4783-87BB-B2D7667519B6}
	EndGlobalSection
	GlobalSection(ExtensibilityGlobals) = postSolution
		SolutionGuid = {D1F41656-D537-4027-B267-6DB816AD4104}
	EndGlobalSection
EndGlobal
